
Microsoft Visual Studio Solution File, Format Version 12.00
# Visual Studio Version 17
VisualStudioVersion = 17.0.31612.314
MinimumVisualStudioVersion = 10.0.40219.1
Project("{FAE04EC0-301F-11D3-BF4B-00C04F79EFBC}") = "MkBin", "MkBin\MkBin.csproj", "{0061DD28-2FEE-4C43-8471-66DB2522F42C}"
EndProject
Global
	GlobalSection(SolutionConfigurationPlatforms) = preSolution
		Debug|Any CPU = Debug|Any CPU
		Release|Any CPU = Release|Any CPU
	EndGlobalSection
	GlobalSection(ProjectConfigurationPlatforms) = postSolution
		{0061DD28-2FEE-4C43-8471-66DB2522F42C}.Debug|Any CPU.ActiveCfg = Debug|Any CPU
		{0061DD28-2FEE-4C43-8471-66DB2522F42C}.Debug|Any CPU.Build.0 = Debug|Any CPU
		{0061DD28-2FEE-4C43-8471-66DB2522F42C}.Release|Any CPU.ActiveCfg = Release|Any CPU
		{0061DD28-2FEE-4C43-8471-66DB2522F42C}.Release|Any CPU.Build.0 = Release|Any CPU
	EndGlobalSection
	GlobalSection(SolutionProperties) = preSolution
		HideSolutionNode = FALSE
	EndGlobalSection
	GlobalSection(ExtensibilityGlobals) = postSolution
		SolutionGuid = {09679668-0395-4034-A0C0-9A3DB9C28736}
	EndGlobalSection
EndGlobal
